PODS:
  - AFNetworking (2.6.3):
    - AFNetworking/NSURLConnection (= 2.6.3)
    - AFNetworking/NSURLSession (= 2.6.3)
    - AFNetworking/Reachability (= 2.6.3)
    - AFNetworking/Security (= 2.6.3)
    - AFNetworking/Serialization (= 2.6.3)
    - AFNetworking/UIKit (= 2.6.3)
  - AFNetworking/NSURLConnection (2.6.3):
    - AFNetworking/Reachability
    - AFNetworking/Security
    - AFNetworking/Serialization
  - AFNetworking/NSURLSession (2.6.3):
    - AFNetworking/Reachability
    - AFNetworking/Security
    - AFNetworking/Serialization
  - AFNetworking/Reachability (2.6.3)
  - AFNetworking/Security (2.6.3)
  - AFNetworking/Serialization (2.6.3)
  - AFNetworking/UIKit (2.6.3):
    - AFNetworking/NSURLConnection
    - AFNetworking/NSURLSession
  - LGPlusButtonsView (1.1.1)
  - MBProgressHUD (1.0.0)
  - RMStepsController (1.0.2)
  - SDWebImage (3.8.2):
    - SDWebImage/Core (= 3.8.2)
  - SDWebImage/Core (3.8.2)

DEPENDENCIES:
  - AFNetworking (~> 2.0)
  - LGPlusButtonsView (~> 1.1.0)
  - MBProgressHUD (~> 1.0.0)
  - RMStepsController (~> 1.0.2)
  - SDWebImage (~> 3.8)

SPEC CHECKSUMS:
  AFNetworking: cb8d14a848e831097108418f5d49217339d4eb60
  LGPlusButtonsView: 57878cd3d461d0ee2042f5b7b25d1c017e22a084
  MBProgressHUD: 4890f671c94e8a0f3cf959aa731e9de2f036d71a
  RMStepsController: 195aa02c57ee5fea74483d0b9dcc30881ae7639d
  SDWebImage: 098e97e6176540799c27e804c96653ee0833d13c

PODFILE CHECKSUM: f0ea924cbe0720edb549ba9730af154ca2dd8b3a

COCOAPODS: 1.2.1.beta.1
